// !$*UTF8*$!
{
	archiveVersion = 1;
	classes = {
	};
	objectVersion = 55;
	objects = {

/* Begin PBXBuildFile section */
		0749AC5F287EBDE90049A692 /* ScrumStore.swift in Sources */ = {isa = PBXBuildFile; fileRef = 0749AC5E287EBDE90049A692 /* ScrumStore.swift */; };
		0749AC61288143050049A692 /* ErrorWrapper.swift in Sources */ = {isa = PBXBuildFile; fileRef = 0749AC60288143050049A692 /* ErrorWrapper.swift */; };
		0794D43E287DA3040013583A /* ScrumTimer.swift in Sources */ = {isa = PBXBuildFile; fileRef = 0794D43D287DA3040013583A /* ScrumTimer.swift */; };
		0794D440287DA6C50013583A /* ScrumProgressViewStyle.swift in Sources */ = {isa = PBXBuildFile; fileRef = 0794D43F287DA6C50013583A /* ScrumProgressViewStyle.swift */; };
		0794D442287DA8F90013583A /* MeetingFooterView.swift in Sources */ = {isa = PBXBuildFile; fileRef = 0794D441287DA8F90013583A /* MeetingFooterView.swift */; };
		0794D447287DB72C0013583A /* AVPlayer+Ding.swift in Sources */ = {isa = PBXBuildFile; fileRef = 0794D446287DB72C0013583A /* AVPlayer+Ding.swift */; };
		0794D449287DB7AC0013583A /* ding.wav in Resources */ = {isa = PBXBuildFile; fileRef = 0794D448287DB7AC0013583A /* ding.wav */; };
		0794D44D287EB10A0013583A /* History.swift in Sources */ = {isa = PBXBuildFile; fileRef = 0794D44C287EB10A0013583A /* History.swift */; };
		07BB9936287434E9005AB5A4 /* ScrumdingerApp.swift in Sources */ = {isa = PBXBuildFile; fileRef = 07BB9935287434E9005AB5A4 /* ScrumdingerApp.swift */; };
		07BB9938287434E9005AB5A4 /* MeetingView.swift in Sources */ = {isa = PBXBuildFile; fileRef = 07BB9937287434E9005AB5A4 /* MeetingView.swift */; };
		07BB993A287434EA005AB5A4 /* Assets.xcassets in Resources */ = {isa = PBXBuildFile; fileRef = 07BB9939287434EA005AB5A4 /* Assets.xcassets */; };
		07BB993D287434EA005AB5A4 /* Preview Assets.xcassets in Resources */ = {isa = PBXBuildFile; fileRef = 07BB993C287434EA005AB5A4 /* Preview Assets.xcassets */; };
		07BB9945287450B7005AB5A4 /* Theme.swift in Sources */ = {isa = PBXBuildFile; fileRef = 07BB9944287450B7005AB5A4 /* Theme.swift */; };
		07BB994728745970005AB5A4 /* DailyScrum.swift in Sources */ = {isa = PBXBuildFile; fileRef = 07BB994628745970005AB5A4 /* DailyScrum.swift */; };
		07BB99492875970A005AB5A4 /* CardView.swift in Sources */ = {isa = PBXBuildFile; fileRef = 07BB99482875970A005AB5A4 /* CardView.swift */; };
		07BB994B2875A1A6005AB5A4 /* TrailingIconLabelStyle.swift in Sources */ = {isa = PBXBuildFile; fileRef = 07BB994A2875A1A6005AB5A4 /* TrailingIconLabelStyle.swift */; };
		07BB994D2875D256005AB5A4 /* ScrumsView.swift in Sources */ = {isa = PBXBuildFile; fileRef = 07BB994C2875D256005AB5A4 /* ScrumsView.swift */; };
		07BB994F28788D5B005AB5A4 /* DetailView.swift in Sources */ = {isa = PBXBuildFile; fileRef = 07BB994E28788D5B005AB5A4 /* DetailView.swift */; };
		07BB9951287A94C2005AB5A4 /* DetailEditView.swift in Sources */ = {isa = PBXBuildFile; fileRef = 07BB9950287A94C2005AB5A4 /* DetailEditView.swift */; };
		07BB9953287C119A005AB5A4 /* ThemeView.swift in Sources */ = {isa = PBXBuildFile; fileRef = 07BB9952287C119A005AB5A4 /* ThemeView.swift */; };
		07BB9955287C2F4A005AB5A4 /* ThemePicker.swift in Sources */ = {isa = PBXBuildFile; fileRef = 07BB9954287C2F4A005AB5A4 /* ThemePicker.swift */; };
		07BB9957287D4247005AB5A4 /* MeetingHeaderView.swift in Sources */ = {isa = PBXBuildFile; fileRef = 07BB9956287D4246005AB5A4 /* MeetingHeaderView.swift */; };
/* End PBXBuildFile section */

/* Begin PBXFileReference section */
		0749AC5E287EBDE90049A692 /* ScrumStore.swift */ = {isa = PBXFileReference; lastKnownFileType = sourcecode.swift; path = ScrumStore.swift; sourceTree = "<group>"; };
		0749AC60288143050049A692 /* ErrorWrapper.swift */ = {isa = PBXFileReference; lastKnownFileType = sourcecode.swift; path = ErrorWrapper.swift; sourceTree = "<group>"; };
		0794D43D287DA3040013583A /* ScrumTimer.swift */ = {isa = PBXFileReference; fileEncoding = 4; lastKnownFileType = sourcecode.swift; path = ScrumTimer.swift; sourceTree = "<group>"; };
		0794D43F287DA6C50013583A /* ScrumProgressViewStyle.swift */ = {isa = PBXFileReference; fileEncoding = 4; lastKnownFileType = sourcecode.swift; path = ScrumProgressViewStyle.swift; sourceTree = "<group>"; };
		0794D441287DA8F90013583A /* MeetingFooterView.swift */ = {isa = PBXFileReference; lastKnownFileType = sourcecode.swift; path = MeetingFooterView.swift; sourceTree = "<group>"; };
		0794D446287DB72C0013583A /* AVPlayer+Ding.swift */ = {isa = PBXFileReference; fileEncoding = 4; lastKnownFileType = sourcecode.swift; path = "AVPlayer+Ding.swift"; sourceTree = "<group>"; };
		0794D448287DB7AC0013583A /* ding.wav */ = {isa = PBXFileReference; lastKnownFileType = audio.wav; path = ding.wav; sourceTree = "<group>"; };
		0794D44C287EB10A0013583A /* History.swift */ = {isa = PBXFileReference; lastKnownFileType = sourcecode.swift; path = History.swift; sourceTree = "<group>"; };
		07BB9932287434E9005AB5A4 /* Scrumdinger.app */ = {isa = PBXFileReference; explicitFileType = wrapper.application; includeInIndex = 0; path = Scrumdinger.app; sourceTree = BUILT_PRODUCTS_DIR; };
		07BB9935287434E9005AB5A4 /* ScrumdingerApp.swift */ = {isa = PBXFileReference; lastKnownFileType = sourcecode.swift; path = ScrumdingerApp.swift; sourceTree = "<group>"; };
		07BB9937287434E9005AB5A4 /* MeetingView.swift */ = {isa = PBXFileReference; lastKnownFileType = sourcecode.swift; path = MeetingView.swift; sourceTree = "<group>"; };
		07BB9939287434EA005AB5A4 /* Assets.xcassets */ = {isa = PBXFileReference; lastKnownFileType = folder.assetcatalog; path = Assets.xcassets; sourceTree = "<group>"; };
		07BB993C287434EA005AB5A4 /* Preview Assets.xcassets */ = {isa = PBXFileReference; lastKnownFileType = folder.assetcatalog; path = "Preview Assets.xcassets"; sourceTree = "<group>"; };
		07BB9944287450B7005AB5A4 /* Theme.swift */ = {isa = PBXFileReference; lastKnownFileType = sourcecode.swift; path = Theme.swift; sourceTree = "<group>"; };
		07BB994628745970005AB5A4 /* DailyScrum.swift */ = {isa = PBXFileReference; lastKnownFileType = sourcecode.swift; path = DailyScrum.swift; sourceTree = "<group>"; };
		07BB99482875970A005AB5A4 /* CardView.swift */ = {isa = PBXFileReference; lastKnownFileType = sourcecode.swift; path = CardView.swift; sourceTree = "<group>"; };
		07BB994A2875A1A6005AB5A4 /* TrailingIconLabelStyle.swift */ = {isa = PBXFileReference; lastKnownFileType = sourcecode.swift; path = TrailingIconLabelStyle.swift; sourceTree = "<group>"; };
		07BB994C2875D256005AB5A4 /* ScrumsView.swift */ = {isa = PBXFileReference; lastKnownFileType = sourcecode.swift; path = ScrumsView.swift; sourceTree = "<group>"; };
		07BB994E28788D5B005AB5A4 /* DetailView.swift */ = {isa = PBXFileReference; lastKnownFileType = sourcecode.swift; path = DetailView.swift; sourceTree = "<group>"; };
		07BB9950287A94C2005AB5A4 /* DetailEditView.swift */ = {isa = PBXFileReference; lastKnownFileType = sourcecode.swift; path = DetailEditView.swift; sourceTree = "<group>"; };
		07BB9952287C119A005AB5A4 /* ThemeView.swift */ = {isa = PBXFileReference; lastKnownFileType = sourcecode.swift; path = ThemeView.swift; sourceTree = "<group>"; };
		07BB9954287C2F4A005AB5A4 /* ThemePicker.swift */ = {isa = PBXFileReference; lastKnownFileType = sourcecode.swift; path = ThemePicker.swift; sourceTree = "<group>"; };
		07BB9956287D4246005AB5A4 /* MeetingHeaderView.swift */ = {isa = PBXFileReference; lastKnownFileType = sourcecode.swift; path = MeetingHeaderView.swift; sourceTree = "<group>"; };
/* End PBXFileReference section */

/* Begin PBXFrameworksBuildPhase section */
		07BB992F287434E9005AB5A4 /* Frameworks */ = {
			isa = PBXFrameworksBuildPhase;
			buildActionMask = 2147483647;
			files = (
			);
			runOnlyForDeploymentPostprocessing = 0;
		};
/* End PBXFrameworksBuildPhase section */

/* Begin PBXGroup section */
		0794D443287DB52F0013583A /* Resources */ = {
			isa = PBXGroup;
			children = (
				0794D448287DB7AC0013583A /* ding.wav */,
			);
			path = Resources;
			sourceTree = "<group>";
		};
		07BB9929287434E9005AB5A4 = {
			isa = PBXGroup;
			children = (
				07BB9934287434E9005AB5A4 /* Scrumdinger */,
				07BB9933287434E9005AB5A4 /* Products */,
			);
			sourceTree = "<group>";
		};
		07BB9933287434E9005AB5A4 /* Products */ = {
			isa = PBXGroup;
			children = (
				07BB9932287434E9005AB5A4 /* Scrumdinger.app */,
			);
			name = Products;
			sourceTree = "<group>";
		};
		07BB9934287434E9005AB5A4 /* Scrumdinger */ = {
			isa = PBXGroup;
			children = (
				07BB994328745080005AB5A4 /* Models */,
				07BB9935287434E9005AB5A4 /* ScrumdingerApp.swift */,
				07BB9937287434E9005AB5A4 /* MeetingView.swift */,
				07BB994A2875A1A6005AB5A4 /* TrailingIconLabelStyle.swift */,
				07BB99482875970A005AB5A4 /* CardView.swift */,
				07BB994C2875D256005AB5A4 /* ScrumsView.swift */,
				07BB994E28788D5B005AB5A4 /* DetailView.swift */,
				07BB9950287A94C2005AB5A4 /* DetailEditView.swift */,
				07BB9952287C119A005AB5A4 /* ThemeView.swift */,
				07BB9954287C2F4A005AB5A4 /* ThemePicker.swift */,
				07BB9956287D4246005AB5A4 /* MeetingHeaderView.swift */,
				0794D43F287DA6C50013583A /* ScrumProgressViewStyle.swift */,
				0794D441287DA8F90013583A /* MeetingFooterView.swift */,
				07BB9939287434EA005AB5A4 /* Assets.xcassets */,
				0794D443287DB52F0013583A /* Resources */,
				07BB993B287434EA005AB5A4 /* Preview Content */,
			);
			path = Scrumdinger;
			sourceTree = "<group>";
		};
		07BB993B287434EA005AB5A4 /* Preview Content */ = {
			isa = PBXGroup;
			children = (
				07BB993C287434EA005AB5A4 /* Preview Assets.xcassets */,
			);
			path = "Preview Content";
			sourceTree = "<group>";
		};
		07BB994328745080005AB5A4 /* Models */ = {
			isa = PBXGroup;
			children = (
				0794D446287DB72C0013583A /* AVPlayer+Ding.swift */,
				07BB9944287450B7005AB5A4 /* Theme.swift */,
				07BB994628745970005AB5A4 /* DailyScrum.swift */,
				0794D43D287DA3040013583A /* ScrumTimer.swift */,
				0794D44C287EB10A0013583A /* History.swift */,
				0749AC5E287EBDE90049A692 /* ScrumStore.swift */,
				0749AC60288143050049A692 /* ErrorWrapper.swift */,
			);
			path = Models;
			sourceTree = "<group>";
		};
/* End PBXGroup section */

/* Begin PBXNativeTarget section */
		07BB9931287434E9005AB5A4 /* Scrumdinger */ = {
			isa = PBXNativeTarget;
			buildConfigurationList = 07BB9940287434EA005AB5A4 /* Build configuration list for PBXNativeTarget "Scrumdinger" */;
			buildPhases = (
				07BB992E287434E9005AB5A4 /* Sources */,
				07BB992F287434E9005AB5A4 /* Frameworks */,
				07BB9930287434E9005AB5A4 /* Resources */,
			);
			buildRules = (
			);
			dependencies = (
			);
			name = Scrumdinger;
			productName = Scrumdinger;
			productReference = 07BB9932287434E9005AB5A4 /* Scrumdinger.app */;
			productType = "com.apple.product-type.application";
		};
/* End PBXNativeTarget section */

/* Begin PBXProject section */
		07BB992A287434E9005AB5A4 /* Project object */ = {
			isa = PBXProject;
			attributes = {
				BuildIndependentTargetsInParallel = 1;
				LastSwiftUpdateCheck = 1340;
				LastUpgradeCheck = 1340;
				TargetAttributes = {
					07BB9931287434E9005AB5A4 = {
						CreatedOnToolsVersion = 13.4.1;
					};
				};
			};
			buildConfigurationList = 07BB992D287434E9005AB5A4 /* Build configuration list for PBXProject "Scrumdinger" */;
			compatibilityVersion = "Xcode 13.0";
			developmentRegion = en;
			hasScannedForEncodings = 0;
			knownRegions = (
				en,
				Base,
			);
			mainGroup = 07BB9929287434E9005AB5A4;
			productRefGroup = 07BB9933287434E9005AB5A4 /* Products */;
			projectDirPath = "";
			projectRoot = "";
			targets = (
				07BB9931287434E9005AB5A4 /* Scrumdinger */,
			);
		};
/* End PBXProject section */

/* Begin PBXResourcesBuildPhase section */
		07BB9930287434E9005AB5A4 /* Resources */ = {
			isa = PBXResourcesBuildPhase;
			buildActionMask = 2147483647;
			files = (
				0794D449287DB7AC0013583A /* ding.wav in Resources */,
				07BB993D287434EA005AB5A4 /* Preview Assets.xcassets in Resources */,
				07BB993A287434EA005AB5A4 /* Assets.xcassets in Resources */,
			);
			runOnlyForDeploymentPostprocessing = 0;
		};
/* End PBXResourcesBuildPhase section */

/* Begin PBXSourcesBuildPhase section */
		07BB992E287434E9005AB5A4 /* Sources */ = {
			isa = PBXSourcesBuildPhase;
			buildActionMask = 2147483647;
			files = (
				0794D44D287EB10A0013583A /* History.swift in Sources */,
				07BB9955287C2F4A005AB5A4 /* ThemePicker.swift in Sources */,
				07BB994728745970005AB5A4 /* DailyScrum.swift in Sources */,
				0794D442287DA8F90013583A /* MeetingFooterView.swift in Sources */,
				0749AC5F287EBDE90049A692 /* ScrumStore.swift in Sources */,
				0794D440287DA6C50013583A /* ScrumProgressViewStyle.swift in Sources */,
				07BB994F28788D5B005AB5A4 /* DetailView.swift in Sources */,
				07BB9957287D4247005AB5A4 /* MeetingHeaderView.swift in Sources */,
				07BB9951287A94C2005AB5A4 /* DetailEditView.swift in Sources */,
				07BB9945287450B7005AB5A4 /* Theme.swift in Sources */,
				0749AC61288143050049A692 /* ErrorWrapper.swift in Sources */,
				07BB9938287434E9005AB5A4 /* MeetingView.swift in Sources */,
				07BB994D2875D256005AB5A4 /* ScrumsView.swift in Sources */,
				07BB9936287434E9005AB5A4 /* ScrumdingerApp.swift in Sources */,
				07BB99492875970A005AB5A4 /* CardView.swift in Sources */,
				07BB9953287C119A005AB5A4 /* ThemeView.swift in Sources */,
				07BB994B2875A1A6005AB5A4 /* TrailingIconLabelStyle.swift in Sources */,
				0794D43E287DA3040013583A /* ScrumTimer.swift in Sources */,
				0794D447287DB72C0013583A /* AVPlayer+Ding.swift in Sources */,
			);
			runOnlyForDeploymentPostprocessing = 0;
		};
/* End PBXSourcesBuildPhase section */

/* Begin XCBuildConfiguration section */
		07BB993E287434EA005AB5A4 /* Debug */ = {
			isa = XCBuildConfiguration;
			buildSettings = {
				ALWAYS_SEARCH_USER_PATHS = NO;
				CLANG_ANALYZER_NONNULL = YES;
				CLANG_ANALYZER_NUMBER_OBJECT_CONVERSION = YES_AGGRESSIVE;
				CLANG_CXX_LANGUAGE_STANDARD = "gnu++17";
				CLANG_ENABLE_MODULES = YES;
				CLANG_ENABLE_OBJC_ARC = YES;
				CLANG_ENABLE_OBJC_WEAK = YES;
				CLANG_WARN_BLOCK_CAPTURE_AUTORELEASING = YES;
				CLANG_WARN_BOOL_CONVERSION = YES;
				CLANG_WARN_COMMA = YES;
				CLANG_WARN_CONSTANT_CONVERSION = YES;
				CLANG_WARN_DEPRECATED_OBJC_IMPLEMENTATIONS = YES;
				CLANG_WARN_DIRECT_OBJC_ISA_USAGE = YES_ERROR;
				CLANG_WARN_DOCUMENTATION_COMMENTS = YES;
				CLANG_WARN_EMPTY_BODY = YES;
				CLANG_WARN_ENUM_CONVERSION = YES;
				CLANG_WARN_INFINITE_RECURSION = YES;
				CLANG_WARN_INT_CONVERSION = YES;
				CLANG_WARN_NON_LITERAL_NULL_CONVERSION = YES;
				CLANG_WARN_OBJC_IMPLICIT_RETAIN_SELF = YES;
				CLANG_WARN_OBJC_LITERAL_CONVERSION = YES;
				CLANG_WARN_OBJC_ROOT_CLASS = YES_ERROR;
				CLANG_WARN_QUOTED_INCLUDE_IN_FRAMEWORK_HEADER = YES;
				CLANG_WARN_RANGE_LOOP_ANALYSIS = YES;
				CLANG_WARN_STRICT_PROTOTYPES = YES;
				CLANG_WARN_SUSPICIOUS_MOVE = YES;
				CLANG_WARN_UNGUARDED_AVAILABILITY = YES_AGGRESSIVE;
				CLANG_WARN_UNREACHABLE_CODE = YES;
				CLANG_WARN__DUPLICATE_METHOD_MATCH = YES;
				COPY_PHASE_STRIP = NO;
				DEBUG_INFORMATION_FORMAT = dwarf;
				ENABLE_STRICT_OBJC_MSGSEND = YES;
				ENABLE_TESTABILITY = YES;
				GCC_C_LANGUAGE_STANDARD = gnu11;
				GCC_DYNAMIC_NO_PIC = NO;
				GCC_NO_COMMON_BLOCKS = YES;
				GCC_OPTIMIZATION_LEVEL = 0;
				GCC_PREPROCESSOR_DEFINITIONS = (
					"DEBUG=1",
					"$(inherited)",
				);
				GCC_WARN_64_TO_32_BIT_CONVERSION = YES;
				GCC_WARN_ABOUT_RETURN_TYPE = YES_ERROR;
				GCC_WARN_UNDECLARED_SELECTOR = YES;
				GCC_WARN_UNINITIALIZED_AUTOS = YES_AGGRESSIVE;
				GCC_WARN_UNUSED_FUNCTION = YES;
				GCC_WARN_UNUSED_VARIABLE = YES;
				IPHONEOS_DEPLOYMENT_TARGET = 15.5;
				MTL_ENABLE_DEBUG_INFO = INCLUDE_SOURCE;
				MTL_FAST_MATH = YES;
				ONLY_ACTIVE_ARCH = YES;
				SDKROOT = iphoneos;
				SWIFT_ACTIVE_COMPILATION_CONDITIONS = DEBUG;
				SWIFT_OPTIMIZATION_LEVEL = "-Onone";
			};
			name = Debug;
		};
		07BB993F287434EA005AB5A4 /* Release */ = {
			isa = XCBuildConfiguration;
			buildSettings = {
				ALWAYS_SEARCH_USER_PATHS = NO;
				CLANG_ANALYZER_NONNULL = YES;
				CLANG_ANALYZER_NUMBER_OBJECT_CONVERSION = YES_AGGRESSIVE;
				CLANG_CXX_LANGUAGE_STANDARD = "gnu++17";
				CLANG_ENABLE_MODULES = YES;
				CLANG_ENABLE_OBJC_ARC = YES;
				CLANG_ENABLE_OBJC_WEAK = YES;
				CLANG_WARN_BLOCK_CAPTURE_AUTORELEASING = YES;
				CLANG_WARN_BOOL_CONVERSION = YES;
				CLANG_WARN_COMMA = YES;
				CLANG_WARN_CONSTANT_CONVERSION = YES;
				CLANG_WARN_DEPRECATED_OBJC_IMPLEMENTATIONS = YES;
				CLANG_WARN_DIRECT_OBJC_ISA_USAGE = YES_ERROR;
				CLANG_WARN_DOCUMENTATION_COMMENTS = YES;
				CLANG_WARN_EMPTY_BODY = YES;
				CLANG_WARN_ENUM_CONVERSION = YES;
				CLANG_WARN_INFINITE_RECURSION = YES;
				CLANG_WARN_INT_CONVERSION = YES;
				CLANG_WARN_NON_LITERAL_NULL_CONVERSION = YES;
				CLANG_WARN_OBJC_IMPLICIT_RETAIN_SELF = YES;
				CLANG_WARN_OBJC_LITERAL_CONVERSION = YES;
				CLANG_WARN_OBJC_ROOT_CLASS = YES_ERROR;
				CLANG_WARN_QUOTED_INCLUDE_IN_FRAMEWORK_HEADER = YES;
				CLANG_WARN_RANGE_LOOP_ANALYSIS = YES;
				CLANG_WARN_STRICT_PROTOTYPES = YES;
				CLANG_WARN_SUSPICIOUS_MOVE = YES;
				CLANG_WARN_UNGUARDED_AVAILABILITY = YES_AGGRESSIVE;
				CLANG_WARN_UNREACHABLE_CODE = YES;
				CLANG_WARN__DUPLICATE_METHOD_MATCH = YES;
				COPY_PHASE_STRIP = NO;
				DEBUG_INFORMATION_FORMAT = "dwarf-with-dsym";
				ENABLE_NS_ASSERTIONS = NO;
				ENABLE_STRICT_OBJC_MSGSEND = YES;
				GCC_C_LANGUAGE_STANDARD = gnu11;
				GCC_NO_COMMON_BLOCKS = YES;
				GCC_WARN_64_TO_32_BIT_CONVERSION = YES;
				GCC_WARN_ABOUT_RETURN_TYPE = YES_ERROR;
				GCC_WARN_UNDECLARED_SELECTOR = YES;
				GCC_WARN_UNINITIALIZED_AUTOS = YES_AGGRESSIVE;
				GCC_WARN_UNUSED_FUNCTION = YES;
				GCC_WARN_UNUSED_VARIABLE = YES;
				IPHONEOS_DEPLOYMENT_TARGET = 15.5;
				MTL_ENABLE_DEBUG_INFO = NO;
				MTL_FAST_MATH = YES;
				SDKROOT = iphoneos;
				SWIFT_COMPILATION_MODE = wholemodule;
				SWIFT_OPTIMIZATION_LEVEL = "-O";
				VALIDATE_PRODUCT = YES;
			};
			name = Release;
		};
		07BB9941287434EA005AB5A4 /* Debug */ = {
			isa = XCBuildConfiguration;
			buildSettings = {
				ASSETCATALOG_COMPILER_APPICON_NAME = AppIcon;
				ASSETCATALOG_COMPILER_GLOBAL_ACCENT_COLOR_NAME = AccentColor;
				CODE_SIGN_STYLE = Automatic;
				CURRENT_PROJECT_VERSION = 1;
				DEVELOPMENT_ASSET_PATHS = "\"Scrumdinger/Preview Content\"";
				DEVELOPMENT_TEAM = 2V279GTPCN;
				ENABLE_PREVIEWS = YES;
				GENERATE_INFOPLIST_FILE = YES;
				INFOPLIST_KEY_UIApplicationSceneManifest_Generation = YES;
				INFOPLIST_KEY_UIApplicationSupportsIndirectInputEvents = YES;
				INFOPLIST_KEY_UILaunchScreen_Generation = YES;
				INFOPLIST_KEY_UISupportedInterfaceOrientations_iPad = "UIInterfaceOrientationPortrait UIInterfaceOrientationPortraitUpsideDown UIInterfaceOrientationLandscapeLeft UIInterfaceOrientationLandscapeRight";
				INFOPLIST_KEY_UISupportedInterfaceOrientations_iPhone = "UIInterfaceOrientationPortrait UIInterfaceOrientationLandscapeLeft UIInterfaceOrientationLandscapeRight";
				IPHONEOS_DEPLOYMENT_TARGET = 15.5;
				LD_RUNPATH_SEARCH_PATHS = (
					"$(inherited)",
					"@executable_path/Frameworks",
				);
				MARKETING_VERSION = 1.0;
				PRODUCT_BUNDLE_IDENTIFIER = Ha.Scrumdinger;
				PRODUCT_NAME = "$(TARGET_NAME)";
				SWIFT_EMIT_LOC_STRINGS = YES;
				SWIFT_VERSION = 5.0;
				TARGETED_DEVICE_FAMILY = "1,2";
			};
			name = Debug;
		};
		07BB9942287434EA005AB5A4 /* Release */ = {
			isa = XCBuildConfiguration;
			buildSettings = {
				ASSETCATALOG_COMPILER_APPICON_NAME = AppIcon;
				ASSETCATALOG_COMPILER_GLOBAL_ACCENT_COLOR_NAME = AccentColor;
				CODE_SIGN_STYLE = Automatic;
				CURRENT_PROJECT_VERSION = 1;
				DEVELOPMENT_ASSET_PATHS = "\"Scrumdinger/Preview Content\"";
				DEVELOPMENT_TEAM = 2V279GTPCN;
				ENABLE_PREVIEWS = YES;
				GENERATE_INFOPLIST_FILE = YES;
				INFOPLIST_KEY_UIApplicationSceneManifest_Generation = YES;
				INFOPLIST_KEY_UIApplicationSupportsIndirectInputEvents = YES;
				INFOPLIST_KEY_UILaunchScreen_Generation = YES;
				INFOPLIST_KEY_UISupportedInterfaceOrientations_iPad = "UIInterfaceOrientationPortrait UIInterfaceOrientationPortraitUpsideDown UIInterfaceOrientationLandscapeLeft UIInterfaceOrientationLandscapeRight";
				INFOPLIST_KEY_UISupportedInterfaceOrientations_iPhone = "UIInterfaceOrientationPortrait UIInterfaceOrientationLandscapeLeft UIInterfaceOrientationLandscapeRight";
				IPHONEOS_DEPLOYMENT_TARGET = 15.5;
				LD_RUNPATH_SEARCH_PATHS = (
					"$(inherited)",
					"@executable_path/Frameworks",
				);
				MARKETING_VERSION = 1.0;
				PRODUCT_BUNDLE_IDENTIFIER = Ha.Scrumdinger;
				PRODUCT_NAME = "$(TARGET_NAME)";
				SWIFT_EMIT_LOC_STRINGS = YES;
				SWIFT_VERSION = 5.0;
				TARGETED_DEVICE_FAMILY = "1,2";
			};
			name = Release;
		};
/* End XCBuildConfiguration section */

/* Begin XCConfigurationList section */
		07BB992D287434E9005AB5A4 /* Build configuration list for PBXProject "Scrumdinger" */ = {
			isa = XCConfigurationList;
			buildConfigurations = (
				07BB993E287434EA005AB5A4 /* Debug */,
				07BB993F287434EA005AB5A4 /* Release */,
			);
			defaultConfigurationIsVisible = 0;
			defaultConfigurationName = Release;
		};
		07BB9940287434EA005AB5A4 /* Build configuration list for PBXNativeTarget "Scrumdinger" */ = {
			isa = XCConfigurationList;
			buildConfigurations = (
				07BB9941287434EA005AB5A4 /* Debug */,
				07BB9942287434EA005AB5A4 /* Release */,
			);
			defaultConfigurationIsVisible = 0;
			defaultConfigurationName = Release;
		};
/* End XCConfigurationList section */
	};
	rootObject = 07BB992A287434E9005AB5A4 /* Project object */;
}
